
Microsoft Visual Studio Solution File, Format Version 12.00
Project("{FAE04EC0-301F-11D3-BF4B-00C04F79EFBC}") = "Calculators", "Calculators\Calculators.csproj", "{2F6ED581-9C1E-4595-89ED-0DABE2529C0A}"
EndProject
Project("{FAE04EC0-301F-11D3-BF4B-00C04F79EFBC}") = "CalculatorsTests", "CalculatorsTests\CalculatorsTests.csproj", "{9F5236E0-7368-427A-A9E3-05313BA3321E}"
EndProject
Global
	GlobalSection(SolutionConfigurationPlatforms) = preSolution
		Debug|Any CPU = Debug|Any CPU
		Release|Any CPU = Release|Any CPU
	EndGlobalSection
	GlobalSection(ProjectConfigurationPlatforms) = postSolution
		{2F6ED581-9C1E-4595-89ED-0DABE2529C0A}.Debug|Any CPU.ActiveCfg = Debug|Any CPU
		{2F6ED581-9C1E-4595-89ED-0DABE2529C0A}.Debug|Any CPU.Build.0 = Debug|Any CPU
		{2F6ED581-9C1E-4595-89ED-0DABE2529C0A}.Release|Any CPU.ActiveCfg = Release|Any CPU
		{2F6ED581-9C1E-4595-89ED-0DABE2529C0A}.Release|Any CPU.Build.0 = Release|Any CPU
		{9F5236E0-7368-427A-A9E3-05313BA3321E}.Debug|Any CPU.ActiveCfg = Debug|Any CPU
		{9F5236E0-7368-427A-A9E3-05313BA3321E}.Debug|Any CPU.Build.0 = Debug|Any CPU
		{9F5236E0-7368-427A-A9E3-05313BA3321E}.Release|Any CPU.ActiveCfg = Release|Any CPU
		{9F5236E0-7368-427A-A9E3-05313BA3321E}.Release|Any CPU.Build.0 = Release|Any CPU
	EndGlobalSection
EndGlobal
